# Copyright (c) 2026 dilocash
# Use of this source code is governed by an MIT-style
# license that can be found in the LICENSE file.

lockfileVersion: '9.0'

settings:
  autoInstallPeers: true
  excludeLinksFromLockfile: false

importers:

  .:
    devDependencies:
      turbo:
        specifier: ^2.8.3
        version: 2.8.3

  apps/api:
    dependencies:
      '@bufbuild/buf':
        specifier: ^1.65.0
        version: 1.65.0

packages:

  '@bufbuild/buf-darwin-arm64@1.65.0':
    resolution: {integrity: sha512-2U8CHjW1ysINYKwIPcc4WAiQPxe91RIjNtjpg+RC9rP0aZ7TpGm5MTMY5l3sN4drtmKdb9rBs3bMQsMNhSc90A==}
    engines: {node: '>=12'}
    cpu: [arm64]
    os: [darwin]

  '@bufbuild/buf-darwin-x64@1.65.0':
    resolution: {integrity: sha512-aMqfc6pQC4L9dZpSD61XCEpPWKEtb1rXDPkK0/tzrfTWodnbaJ/elNoxsCGzbZVSMFeAdomUpXmSMrk8ALfWWw==}
    engines: {node: '>=12'}
    cpu: [x64]
    os: [darwin]

  '@bufbuild/buf-linux-aarch64@1.65.0':
    resolution: {integrity: sha512-gzqvY4PLRQ7g0+RlE9g+OL/6yPd5szG7e3Wd5bgjJzfKaQerNiQWaGyPLdcRsIM/WxJhT5e5lG8OrrWHwgQ9Ig==}
    engines: {node: '>=12'}
    cpu: [arm64]
    os: [linux]

  '@bufbuild/buf-linux-armv7@1.65.0':
    resolution: {integrity: sha512-RpYFuPr9MKniD+WNfDgCclyvMu+/w9kK41OWr9sNnbS2BorujskwPiY0iTf5j+8+n/MeAnLIGlyC36+vUB/wIw==}
    engines: {node: '>=12'}
    cpu: [arm]
    os: [linux]

  '@bufbuild/buf-linux-x64@1.65.0':
    resolution: {integrity: sha512-0j06h1uKCXlOtrlNcTBkURazT+AwMNvuVxgJsYeUDnSliN05QS7LnBzPOwKg76ariSqlLo+QXk9eNtdhgVjYOg==}
    engines: {node: '>=12'}
    cpu: [x64]
    os: [linux]

  '@bufbuild/buf-win32-arm64@1.65.0':
    resolution: {integrity: sha512-KBFsQ3iEityUuLTUCoXAO6ZTGUXWljSjK4upqofsYCb4OJeSeVguD7b09efkQt9ymKsXBt5wQicsRdkMJy/VEA==}
    engines: {node: '>=12'}
    cpu: [arm64]
    os: [win32]

  '@bufbuild/buf-win32-x64@1.65.0':
    resolution: {integrity: sha512-vJYzHjncSLdy4sPDW8kLqUldHh6Vucg6KabAflm7CDj29lU/HydV8T+nOVsXkoRMUf4+H/qy8WjnSMEtRkaogA==}
    engines: {node: '>=12'}
    cpu: [x64]
    os: [win32]

  '@bufbuild/buf@1.65.0':
    resolution: {integrity: sha512-IQmIBB2CGbJAwx1NkuAWMuj4QGPnZ8mujbf4ckx9t6KI9EzfUzql1OyKi9qPrxlLAciI+kBIyPDQ2MIvXTxWUg==}
    engines: {node: '>=12'}
    hasBin: true

  turbo-darwin-64@2.8.3:
    resolution: {integrity: sha512-4kXRLfcygLOeNcP6JquqRLmGB/ATjjfehiojL2dJkL7GFm3SPSXbq7oNj8UbD8XriYQ5hPaSuz59iF1ijPHkTw==}
    cpu: [x64]
    os: [darwin]

  turbo-darwin-arm64@2.8.3:
    resolution: {integrity: sha512-xF7uCeC0UY0Hrv/tqax0BMbFlVP1J/aRyeGQPZT4NjvIPj8gSPDgFhfkfz06DhUwDg5NgMo04uiSkAWE8WB/QQ==}
    cpu: [arm64]
    os: [darwin]

  turbo-linux-64@2.8.3:
    resolution: {integrity: sha512-vxMDXwaOjweW/4etY7BxrXCSkvtwh0PbwVafyfT1Ww659SedUxd5rM3V2ZCmbwG8NiCfY7d6VtxyHx3Wh1GoZA==}
    cpu: [x64]
    os: [linux]

  turbo-linux-arm64@2.8.3:
    resolution: {integrity: sha512-mQX7uYBZFkuPLLlKaNe9IjR1JIef4YvY8f21xFocvttXvdPebnq3PK1Zjzl9A1zun2BEuWNUwQIL8lgvN9Pm3Q==}
    cpu: [arm64]
    os: [linux]

  turbo-windows-64@2.8.3:
    resolution: {integrity: sha512-YLGEfppGxZj3VWcNOVa08h6ISsVKiG85aCAWosOKNUjb6yErWEuydv6/qImRJUI+tDLvDvW7BxopAkujRnWCrw==}
    cpu: [x64]
    os: [win32]

  turbo-windows-arm64@2.8.3:
    resolution: {integrity: sha512-afTUGKBRmOJU1smQSBnFGcbq0iabAPwh1uXu2BVk7BREg30/1gMnJh9DFEQTah+UD3n3ru8V55J83RQNFfqoyw==}
    cpu: [arm64]
    os: [win32]

  turbo@2.8.3:
    resolution: {integrity: sha512-8Osxz5Tu/Dw2kb31EAY+nhq/YZ3wzmQSmYa1nIArqxgCAldxv9TPlrAiaBUDVnKA4aiPn0OFBD1ACcpc5VFOAQ==}
    hasBin: true

snapshots:

  '@bufbuild/buf-darwin-arm64@1.65.0':
    optional: true

  '@bufbuild/buf-darwin-x64@1.65.0':
    optional: true

  '@bufbuild/buf-linux-aarch64@1.65.0':
    optional: true

  '@bufbuild/buf-linux-armv7@1.65.0':
    optional: true

  '@bufbuild/buf-linux-x64@1.65.0':
    optional: true

  '@bufbuild/buf-win32-arm64@1.65.0':
    optional: true

  '@bufbuild/buf-win32-x64@1.65.0':
    optional: true

  '@bufbuild/buf@1.65.0':
    optionalDependencies:
      '@bufbuild/buf-darwin-arm64': 1.65.0
      '@bufbuild/buf-darwin-x64': 1.65.0
      '@bufbuild/buf-linux-aarch64': 1.65.0
      '@bufbuild/buf-linux-armv7': 1.65.0
      '@bufbuild/buf-linux-x64': 1.65.0
      '@bufbuild/buf-win32-arm64': 1.65.0
      '@bufbuild/buf-win32-x64': 1.65.0

  turbo-darwin-64@2.8.3:
    optional: true

  turbo-darwin-arm64@2.8.3:
    optional: true

  turbo-linux-64@2.8.3:
    optional: true

  turbo-linux-arm64@2.8.3:
    optional: true

  turbo-windows-64@2.8.3:
    optional: true

  turbo-windows-arm64@2.8.3:
    optional: true

  turbo@2.8.3:
    optionalDependencies:
      turbo-darwin-64: 2.8.3
      turbo-darwin-arm64: 2.8.3
      turbo-linux-64: 2.8.3
      turbo-linux-arm64: 2.8.3
      turbo-windows-64: 2.8.3
      turbo-windows-arm64: 2.8.3
